
Microsoft Visual Studio Solution File, Format Version 12.00
# Visual Studio Version 17
VisualStudioVersion = 17.4.33213.308
MinimumVisualStudioVersion = 10.0.40219.1
Project("{FAE04EC0-301F-11D3-BF4B-00C04F79EFBC}") = "ScreenSound", "ScreenSound\ScreenSound.csproj", "{C9F48E1F-78D9-496A-B6DC-C792220BD5A8}"
EndProject
Global
	GlobalSection(SolutionConfigurationPlatforms) = preSolution
		Debug|Any CPU = Debug|Any CPU
		Release|Any CPU = Release|Any CPU
	EndGlobalSection
	GlobalSection(ProjectConfigurationPlatforms) = postSolution
		{C9F48E1F-78D9-496A-B6DC-C792220BD5A8}.Debug|Any CPU.ActiveCfg = Debug|Any CPU
		{C9F48E1F-78D9-496A-B6DC-C792220BD5A8}.Debug|Any CPU.Build.0 = Debug|Any CPU
		{C9F48E1F-78D9-496A-B6DC-C792220BD5A8}.Release|Any CPU.ActiveCfg = Release|Any CPU
		{C9F48E1F-78D9-496A-B6DC-C792220BD5A8}.Release|Any CPU.Build.0 = Release|Any CPU
	EndGlobalSection
	GlobalSection(SolutionProperties) = preSolution
		HideSolutionNode = FALSE
	EndGlobalSection
	GlobalSection(ExtensibilityGlobals) = postSolution
		SolutionGuid = {6AB38DA7-C8C2-4DC9-ABE3-8D0FA4BA5D08}
	EndGlobalSection
EndGlobal
